
Microsoft Visual Studio Solution File, Format Version 12.00
# Visual Studio Version 16
VisualStudioVersion = 16.0.32630.194
MinimumVisualStudioVersion = 10.0.40219.1
Project("{FAE04EC0-301F-11D3-BF4B-00C04F79EFBC}") = "SeleniumCSharpNetCore", "SeleniumCSharpNetCore\SeleniumCSharpNetCore.csproj", "{435B8705-8F75-4B44-915C-D962ADD0827A}"
EndProject
Global
	GlobalSection(SolutionConfigurationPlatforms) = preSolution
		Debug|Any CPU = Debug|Any CPU
		Release|Any CPU = Release|Any CPU
	EndGlobalSection
	GlobalSection(ProjectConfigurationPlatforms) = postSolution
		{435B8705-8F75-4B44-915C-D962ADD0827A}.Debug|Any CPU.ActiveCfg = Debug|Any CPU
		{435B8705-8F75-4B44-915C-D962ADD0827A}.Debug|Any CPU.Build.0 = Debug|Any CPU
		{435B8705-8F75-4B44-915C-D962ADD0827A}.Release|Any CPU.ActiveCfg = Release|Any CPU
		{435B8705-8F75-4B44-915C-D962ADD0827A}.Release|Any CPU.Build.0 = Release|Any CPU
	EndGlobalSection
	GlobalSection(SolutionProperties) = preSolution
		HideSolutionNode = FALSE
	EndGlobalSection
	GlobalSection(ExtensibilityGlobals) = postSolution
		SolutionGuid = {5E22687A-1501-476C-97DF-65F08A252853}
	EndGlobalSection
EndGlobal
